
Microsoft Visual Studio Solution File, Format Version 11.00
# Visual Studio 2010
Project("{FAE04EC0-301F-11D3-BF4B-00C04F79EFBC}") = "DynamicDataDisplay", "src\DynamicDataDisplay\DynamicDataDisplay.csproj", "{ECD37682-DF7E-409F-912D-0965634556B5}"
EndProject
Project("{FAE04EC0-301F-11D3-BF4B-00C04F79EFBC}") = "DynamicDataDisplay.Maps", "src\DynamicDataDisplay.Maps\DynamicDataDisplay.Maps.csproj", "{EB04A4CD-DDE6-49EB-8FB6-39B35482D792}"
EndProject
Project("{FAE04EC0-301F-11D3-BF4B-00C04F79EFBC}") = "DynamicDataDisplay.SampleDataSources", "src\DynamicDataDisplay.SampleDataSources\DynamicDataDisplay.SampleDataSources.csproj", "{5B37453D-5AE8-4BD2-92FE-0A3AD9B18848}"
EndProject
Project("{FAE04EC0-301F-11D3-BF4B-00C04F79EFBC}") = "StreamLines+Emitter+Sections1D", "src\DevSamples\StreamLine.WPF.App\StreamLines+Emitter+Sections1D.csproj", "{99206926-ACD1-4399-AF1B-36E67A7299CF}"
EndProject
Project("{FAE04EC0-301F-11D3-BF4B-00C04F79EFBC}") = "DynamicDataDisplay.Tests", "src\DynamicDataDisplay.Tests\DynamicDataDisplay.Tests.csproj", "{EA2C1BAD-34E3-4EEB-80AF-CBE49BCBA48B}"
EndProject
Project("{FAE04EC0-301F-11D3-BF4B-00C04F79EFBC}") = "2D convolution on 3D", "src\DevSamples\VectorField3D.WPF.App\2D convolution on 3D.csproj", "{998659AB-576D-494A-A7A1-F68D3160E5C7}"
EndProject
Project("{FAE04EC0-301F-11D3-BF4B-00C04F79EFBC}") = "AnimatedStreamLine.WPF.App", "src\DevSamples\AnimatedStreamLine.WPF.App\AnimatedStreamLine.WPF.App.csproj", "{93337814-49AD-4124-B231-B7CD10C8451F}"
EndProject
Project("{FAE04EC0-301F-11D3-BF4B-00C04F79EFBC}") = "3DTools", "src\3DTools\3DTools.csproj", "{5F603892-DE40-4246-A969-1C6717AFE35D}"
EndProject
Project("{FAE04EC0-301F-11D3-BF4B-00C04F79EFBC}") = "Lines3D+Section2D", "src\DevSamples\Lines3D\Lines3D+Section2D.csproj", "{51257024-A2D4-45AE-910C-47D379F6C618}"
EndProject
Project("{FAE04EC0-301F-11D3-BF4B-00C04F79EFBC}") = "Petzold.Media3D", "src\Petzold.Media3D\Petzold.Media3D.csproj", "{BEBED159-4DB6-4550-8342-7F3607177B71}"
EndProject
Project("{FAE04EC0-301F-11D3-BF4B-00C04F79EFBC}") = "1D line of 50000 pts", "src\DevSamples\Lines2D.App\1D line of 50000 pts.csproj", "{20BAFF84-5426-49A4-A385-8A2E98EEBC86}"
EndProject
Project("{FAE04EC0-301F-11D3-BF4B-00C04F79EFBC}") = "Convolution.App", "src\DevSamples\Convolution.App\Convolution.App.csproj", "{20589741-4E2E-4A27-9E6C-4F1822DE26F4}"
EndProject
Project("{2150E333-8FDC-42A3-9474-1A3956D46DE8}") = "Samples", "Samples", "{DB1FA79D-D100-462A-A78A-33A2BC88FC71}"
EndProject
Project("{2150E333-8FDC-42A3-9474-1A3956D46DE8}") = "Core", "Core", "{D38ED498-E823-48BD-A491-D3720446865F}"
EndProject
Project("{FAE04EC0-301F-11D3-BF4B-00C04F79EFBC}") = "VectorField2D.App", "src\DevSamples\VectorField2D.App\VectorField2D.App.csproj", "{1EA9CE32-6F46-4C48-AA53-63D115CF5D25}"
EndProject
Project("{FAE04EC0-301F-11D3-BF4B-00C04F79EFBC}") = "CustomPlacedDataSource.Streamlines", "src\DevSamples\CustomPlacedDataSource.Streamlines\CustomPlacedDataSource.Streamlines.csproj", "{5A690D7F-99D6-450F-A251-E0D59BF6D67E}"
EndProject
Project("{FAE04EC0-301F-11D3-BF4B-00C04F79EFBC}") = "ParallelBenchmark", "src\DevSamples\ParallelBenchmark\ParallelBenchmark.csproj", "{667D8F84-8420-4DD6-BEC6-2159EFA09311}"
EndProject
Project("{FAE04EC0-301F-11D3-BF4B-00C04F79EFBC}") = "Streamline3D", "src\VectorFields\Streamline3D\Streamline3D.csproj", "{AA77C6B2-7267-41E0-966A-29538E0B261B}"
EndProject
Project("{FAE04EC0-301F-11D3-BF4B-00C04F79EFBC}") = "DynamicDataDisplay.Controls", "src\DynamicDataDisplay.Controls\DynamicDataDisplay.Controls.csproj", "{8AEE9DA5-83F5-401F-8C58-9BAC660A0E6E}"
EndProject
Project("{FAE04EC0-301F-11D3-BF4B-00C04F79EFBC}") = "DynamicDataDisplay.Markers", "src\DynamicDataDisplay.Markers\DynamicDataDisplay.Markers.csproj", "{A5EB794C-7C62-4A0C-A441-ACF7D4074C5D}"
EndProject
Global
	GlobalSection(SolutionConfigurationPlatforms) = preSolution
		Debug|Any CPU = Debug|Any CPU
		Debug|Mixed Platforms = Debug|Mixed Platforms
		Debug|x64 = Debug|x64
		Debug|x86 = Debug|x86
		Release|Any CPU = Release|Any CPU
		Release|Mixed Platforms = Release|Mixed Platforms
		Release|x64 = Release|x64
		Release|x86 = Release|x86
		ReleaseXBAP|Any CPU = ReleaseXBAP|Any CPU
		ReleaseXBAP|Mixed Platforms = ReleaseXBAP|Mixed Platforms
		ReleaseXBAP|x64 = ReleaseXBAP|x64
		ReleaseXBAP|x86 = ReleaseXBAP|x86
	EndGlobalSection
	GlobalSection(ProjectConfigurationPlatforms) = postSolution
		{ECD37682-DF7E-409F-912D-0965634556B5}.Debug|Any CPU.ActiveCfg = Debug|Any CPU
		{ECD37682-DF7E-409F-912D-0965634556B5}.Debug|Any CPU.Build.0 = Debug|Any CPU
		{ECD37682-DF7E-409F-912D-0965634556B5}.Debug|Mixed Platforms.ActiveCfg = Debug|Any CPU
		{ECD37682-DF7E-409F-912D-0965634556B5}.Debug|Mixed Platforms.Build.0 = Debug|Any CPU
		{ECD37682-DF7E-409F-912D-0965634556B5}.Debug|x64.ActiveCfg = Debug|Any CPU
		{ECD37682-DF7E-409F-912D-0965634556B5}.Debug|x86.ActiveCfg = Debug|Any CPU
		{ECD37682-DF7E-409F-912D-0965634556B5}.Release|Any CPU.ActiveCfg = Release|Any CPU
		{ECD37682-DF7E-409F-912D-0965634556B5}.Release|Any CPU.Build.0 = Release|Any CPU
		{ECD37682-DF7E-409F-912D-0965634556B5}.Release|Mixed Platforms.ActiveCfg = Release|Any CPU
		{ECD37682-DF7E-409F-912D-0965634556B5}.Release|Mixed Platforms.Build.0 = Release|Any CPU
		{ECD37682-DF7E-409F-912D-0965634556B5}.Release|x64.ActiveCfg = Release|Any CPU
		{ECD37682-DF7E-409F-912D-0965634556B5}.Release|x86.ActiveCfg = Release|Any CPU
		{ECD37682-DF7E-409F-912D-0965634556B5}.ReleaseXBAP|Any CPU.ActiveCfg = ReleaseXBAP|Any CPU
		{ECD37682-DF7E-409F-912D-0965634556B5}.ReleaseXBAP|Any CPU.Build.0 = ReleaseXBAP|Any CPU
		{ECD37682-DF7E-409F-912D-0965634556B5}.ReleaseXBAP|Mixed Platforms.ActiveCfg = ReleaseXBAP|Any CPU
		{ECD37682-DF7E-409F-912D-0965634556B5}.ReleaseXBAP|Mixed Platforms.Build.0 = ReleaseXBAP|Any CPU
		{ECD37682-DF7E-409F-912D-0965634556B5}.ReleaseXBAP|x64.ActiveCfg = ReleaseXBAP|Any CPU
		{ECD37682-DF7E-409F-912D-0965634556B5}.ReleaseXBAP|x86.ActiveCfg = ReleaseXBAP|Any CPU
		{EB04A4CD-DDE6-49EB-8FB6-39B35482D792}.Debug|Any CPU.ActiveCfg = Debug|Any CPU
		{EB04A4CD-DDE6-49EB-8FB6-39B35482D792}.Debug|Any CPU.Build.0 = Debug|Any CPU
		{EB04A4CD-DDE6-49EB-8FB6-39B35482D792}.Debug|Mixed Platforms.ActiveCfg = Debug|Any CPU
		{EB04A4CD-DDE6-49EB-8FB6-39B35482D792}.Debug|Mixed Platforms.Build.0 = Debug|Any CPU
		{EB04A4CD-DDE6-49EB-8FB6-39B35482D792}.Debug|x64.ActiveCfg = Debug|Any CPU
		{EB04A4CD-DDE6-49EB-8FB6-39B35482D792}.Debug|x86.ActiveCfg = Debug|Any CPU
		{EB04A4CD-DDE6-49EB-8FB6-39B35482D792}.Release|Any CPU.ActiveCfg = Release|Any CPU
		{EB04A4CD-DDE6-49EB-8FB6-39B35482D792}.Release|Any CPU.Build.0 = Release|Any CPU
		{EB04A4CD-DDE6-49EB-8FB6-39B35482D792}.Release|Mixed Platforms.ActiveCfg = Release|Any CPU
		{EB04A4CD-DDE6-49EB-8FB6-39B35482D792}.Release|Mixed Platforms.Build.0 = Release|Any CPU
		{EB04A4CD-DDE6-49EB-8FB6-39B35482D792}.Release|x64.ActiveCfg = Release|Any CPU
		{EB04A4CD-DDE6-49EB-8FB6-39B35482D792}.Release|x86.ActiveCfg = Release|Any CPU
		{EB04A4CD-DDE6-49EB-8FB6-39B35482D792}.ReleaseXBAP|Any CPU.ActiveCfg = ReleaseXBAP|Any CPU
		{EB04A4CD-DDE6-49EB-8FB6-39B35482D792}.ReleaseXBAP|Any CPU.Build.0 = ReleaseXBAP|Any CPU
		{EB04A4CD-DDE6-49EB-8FB6-39B35482D792}.ReleaseXBAP|Mixed Platforms.ActiveCfg = ReleaseXBAP|Any CPU
		{EB04A4CD-DDE6-49EB-8FB6-39B35482D792}.ReleaseXBAP|Mixed Platforms.Build.0 = ReleaseXBAP|Any CPU
		{EB04A4CD-DDE6-49EB-8FB6-39B35482D792}.ReleaseXBAP|x64.ActiveCfg = ReleaseXBAP|Any CPU
		{EB04A4CD-DDE6-49EB-8FB6-39B35482D792}.ReleaseXBAP|x86.ActiveCfg = ReleaseXBAP|Any CPU
		{5B37453D-5AE8-4BD2-92FE-0A3AD9B18848}.Debug|Any CPU.ActiveCfg = Debug|Any CPU
		{5B37453D-5AE8-4BD2-92FE-0A3AD9B18848}.Debug|Any CPU.Build.0 = Debug|Any CPU
		{5B37453D-5AE8-4BD2-92FE-0A3AD9B18848}.Debug|Mixed Platforms.ActiveCfg = Debug|Any CPU
		{5B37453D-5AE8-4BD2-92FE-0A3AD9B18848}.Debug|Mixed Platforms.Build.0 = Debug|Any CPU
		{5B37453D-5AE8-4BD2-92FE-0A3AD9B18848}.Debug|x64.ActiveCfg = Debug|Any CPU
		{5B37453D-5AE8-4BD2-92FE-0A3AD9B18848}.Debug|x86.ActiveCfg = Debug|Any CPU
		{5B37453D-5AE8-4BD2-92FE-0A3AD9B18848}.Release|Any CPU.ActiveCfg = Release|Any CPU
		{5B37453D-5AE8-4BD2-92FE-0A3AD9B18848}.Release|Any CPU.Build.0 = Release|Any CPU
		{5B37453D-5AE8-4BD2-92FE-0A3AD9B18848}.Release|Mixed Platforms.ActiveCfg = Release|Any CPU
		{5B37453D-5AE8-4BD2-92FE-0A3AD9B18848}.Release|Mixed Platforms.Build.0 = Release|Any CPU
		{5B37453D-5AE8-4BD2-92FE-0A3AD9B18848}.Release|x64.ActiveCfg = Release|Any CPU
		{5B37453D-5AE8-4BD2-92FE-0A3AD9B18848}.Release|x86.ActiveCfg = Release|Any CPU
		{5B37453D-5AE8-4BD2-92FE-0A3AD9B18848}.ReleaseXBAP|Any CPU.ActiveCfg = Release|Any CPU
		{5B37453D-5AE8-4BD2-92FE-0A3AD9B18848}.ReleaseXBAP|Any CPU.Build.0 = Release|Any CPU
		{5B37453D-5AE8-4BD2-92FE-0A3AD9B18848}.ReleaseXBAP|Mixed Platforms.ActiveCfg = Release|Any CPU
		{5B37453D-5AE8-4BD2-92FE-0A3AD9B18848}.ReleaseXBAP|Mixed Platforms.Build.0 = Release|Any CPU
		{5B37453D-5AE8-4BD2-92FE-0A3AD9B18848}.ReleaseXBAP|x64.ActiveCfg = Release|Any CPU
		{5B37453D-5AE8-4BD2-92FE-0A3AD9B18848}.ReleaseXBAP|x86.ActiveCfg = Release|Any CPU
		{99206926-ACD1-4399-AF1B-36E67A7299CF}.Debug|Any CPU.ActiveCfg = Debug|x86
		{99206926-ACD1-4399-AF1B-36E67A7299CF}.Debug|Mixed Platforms.ActiveCfg = Debug|x86
		{99206926-ACD1-4399-AF1B-36E67A7299CF}.Debug|Mixed Platforms.Build.0 = Debug|x86
		{99206926-ACD1-4399-AF1B-36E67A7299CF}.Debug|x64.ActiveCfg = Debug|x86
		{99206926-ACD1-4399-AF1B-36E67A7299CF}.Debug|x86.ActiveCfg = Debug|x86
		{99206926-ACD1-4399-AF1B-36E67A7299CF}.Debug|x86.Build.0 = Debug|x86
		{99206926-ACD1-4399-AF1B-36E67A7299CF}.Release|Any CPU.ActiveCfg = Release|x86
		{99206926-ACD1-4399-AF1B-36E67A7299CF}.Release|Mixed Platforms.ActiveCfg = Release|x86
		{99206926-ACD1-4399-AF1B-36E67A7299CF}.Release|Mixed Platforms.Build.0 = Release|x86
		{99206926-ACD1-4399-AF1B-36E67A7299CF}.Release|x64.ActiveCfg = Release|x86
		{99206926-ACD1-4399-AF1B-36E67A7299CF}.Release|x86.ActiveCfg = Release|x86
		{99206926-ACD1-4399-AF1B-36E67A7299CF}.Release|x86.Build.0 = Release|x86
		{99206926-ACD1-4399-AF1B-36E67A7299CF}.ReleaseXBAP|Any CPU.ActiveCfg = Release|x86
		{99206926-ACD1-4399-AF1B-36E67A7299CF}.ReleaseXBAP|Mixed Platforms.ActiveCfg = Release|x86
		{99206926-ACD1-4399-AF1B-36E67A7299CF}.ReleaseXBAP|Mixed Platforms.Build.0 = Release|x86
		{99206926-ACD1-4399-AF1B-36E67A7299CF}.ReleaseXBAP|x64.ActiveCfg = Release|x86
		{99206926-ACD1-4399-AF1B-36E67A7299CF}.ReleaseXBAP|x86.ActiveCfg = Release|x86
		{99206926-ACD1-4399-AF1B-36E67A7299CF}.ReleaseXBAP|x86.Build.0 = Release|x86
		{99206926-ACD1-4399-AF1B-36E67A7299CF}.Debug|Any CPU.Build.0 = Debug|x86
		{EA2C1BAD-34E3-4EEB-80AF-CBE49BCBA48B}.Debug|Any CPU.ActiveCfg = Debug|Any CPU
		{EA2C1BAD-34E3-4EEB-80AF-CBE49BCBA48B}.Debug|Any CPU.Build.0 = Debug|Any CPU
		{EA2C1BAD-34E3-4EEB-80AF-CBE49BCBA48B}.Debug|Mixed Platforms.ActiveCfg = Debug|Any CPU
		{EA2C1BAD-34E3-4EEB-80AF-CBE49BCBA48B}.Debug|Mixed Platforms.Build.0 = Debug|Any CPU
		{EA2C1BAD-34E3-4EEB-80AF-CBE49BCBA48B}.Debug|x64.ActiveCfg = Debug|Any CPU
		{EA2C1BAD-34E3-4EEB-80AF-CBE49BCBA48B}.Debug|x86.ActiveCfg = Debug|Any CPU
		{EA2C1BAD-34E3-4EEB-80AF-CBE49BCBA48B}.Release|Any CPU.ActiveCfg = Release|Any CPU
		{EA2C1BAD-34E3-4EEB-80AF-CBE49BCBA48B}.Release|Any CPU.Build.0 = Release|Any CPU
		{EA2C1BAD-34E3-4EEB-80AF-CBE49BCBA48B}.Release|Mixed Platforms.ActiveCfg = Release|Any CPU
		{EA2C1BAD-34E3-4EEB-80AF-CBE49BCBA48B}.Release|Mixed Platforms.Build.0 = Release|Any CPU
		{EA2C1BAD-34E3-4EEB-80AF-CBE49BCBA48B}.Release|x64.ActiveCfg = Release|Any CPU
		{EA2C1BAD-34E3-4EEB-80AF-CBE49BCBA48B}.Release|x86.ActiveCfg = Release|Any CPU
		{EA2C1BAD-34E3-4EEB-80AF-CBE49BCBA48B}.ReleaseXBAP|Any CPU.ActiveCfg = ReleaseXBAP|Any CPU
		{EA2C1BAD-34E3-4EEB-80AF-CBE49BCBA48B}.ReleaseXBAP|Any CPU.Build.0 = ReleaseXBAP|Any CPU
		{EA2C1BAD-34E3-4EEB-80AF-CBE49BCBA48B}.ReleaseXBAP|Mixed Platforms.ActiveCfg = ReleaseXBAP|Any CPU
		{EA2C1BAD-34E3-4EEB-80AF-CBE49BCBA48B}.ReleaseXBAP|Mixed Platforms.Build.0 = ReleaseXBAP|Any CPU
		{EA2C1BAD-34E3-4EEB-80AF-CBE49BCBA48B}.ReleaseXBAP|x64.ActiveCfg = ReleaseXBAP|Any CPU
		{EA2C1BAD-34E3-4EEB-80AF-CBE49BCBA48B}.ReleaseXBAP|x86.ActiveCfg = ReleaseXBAP|Any CPU
		{998659AB-576D-494A-A7A1-F68D3160E5C7}.Debug|Any CPU.ActiveCfg = Debug|x86
		{998659AB-576D-494A-A7A1-F68D3160E5C7}.Debug|Mixed Platforms.ActiveCfg = Debug|x86
		{998659AB-576D-494A-A7A1-F68D3160E5C7}.Debug|Mixed Platforms.Build.0 = Debug|x86
		{998659AB-576D-494A-A7A1-F68D3160E5C7}.Debug|x64.ActiveCfg = Debug|x86
		{998659AB-576D-494A-A7A1-F68D3160E5C7}.Debug|x86.ActiveCfg = Debug|x86
		{998659AB-576D-494A-A7A1-F68D3160E5C7}.Debug|x86.Build.0 = Debug|x86
		{998659AB-576D-494A-A7A1-F68D3160E5C7}.Release|Any CPU.ActiveCfg = Release|x86
		{998659AB-576D-494A-A7A1-F68D3160E5C7}.Release|Mixed Platforms.ActiveCfg = Release|x86
		{998659AB-576D-494A-A7A1-F68D3160E5C7}.Release|Mixed Platforms.Build.0 = Release|x86
		{998659AB-576D-494A-A7A1-F68D3160E5C7}.Release|x64.ActiveCfg = Release|x86
		{998659AB-576D-494A-A7A1-F68D3160E5C7}.Release|x86.ActiveCfg = Release|x86
		{998659AB-576D-494A-A7A1-F68D3160E5C7}.Release|x86.Build.0 = Release|x86
		{998659AB-576D-494A-A7A1-F68D3160E5C7}.ReleaseXBAP|Any CPU.ActiveCfg = Release|x86
		{998659AB-576D-494A-A7A1-F68D3160E5C7}.ReleaseXBAP|Mixed Platforms.ActiveCfg = Release|x86
		{998659AB-576D-494A-A7A1-F68D3160E5C7}.ReleaseXBAP|Mixed Platforms.Build.0 = Release|x86
		{998659AB-576D-494A-A7A1-F68D3160E5C7}.ReleaseXBAP|x64.ActiveCfg = Release|x86
		{998659AB-576D-494A-A7A1-F68D3160E5C7}.ReleaseXBAP|x86.ActiveCfg = Release|x86
		{998659AB-576D-494A-A7A1-F68D3160E5C7}.ReleaseXBAP|x86.Build.0 = Release|x86
		{998659AB-576D-494A-A7A1-F68D3160E5C7}.Debug|Any CPU.Build.0 = Debug|x86
		{93337814-49AD-4124-B231-B7CD10C8451F}.Debug|Any CPU.ActiveCfg = Debug|x86
		{93337814-49AD-4124-B231-B7CD10C8451F}.Debug|Mixed Platforms.ActiveCfg = Debug|x86
		{93337814-49AD-4124-B231-B7CD10C8451F}.Debug|Mixed Platforms.Build.0 = Debug|x86
		{93337814-49AD-4124-B231-B7CD10C8451F}.Debug|x64.ActiveCfg = Debug|x86
		{93337814-49AD-4124-B231-B7CD10C8451F}.Debug|x86.ActiveCfg = Debug|x86
		{93337814-49AD-4124-B231-B7CD10C8451F}.Debug|x86.Build.0 = Debug|x86
		{93337814-49AD-4124-B231-B7CD10C8451F}.Release|Any CPU.ActiveCfg = Release|x86
		{93337814-49AD-4124-B231-B7CD10C8451F}.Release|Mixed Platforms.ActiveCfg = Release|x86
		{93337814-49AD-4124-B231-B7CD10C8451F}.Release|Mixed Platforms.Build.0 = Release|x86
		{93337814-49AD-4124-B231-B7CD10C8451F}.Release|x64.ActiveCfg = Release|x86
		{93337814-49AD-4124-B231-B7CD10C8451F}.Release|x86.ActiveCfg = Release|x86
		{93337814-49AD-4124-B231-B7CD10C8451F}.Release|x86.Build.0 = Release|x86
		{93337814-49AD-4124-B231-B7CD10C8451F}.ReleaseXBAP|Any CPU.ActiveCfg = Release|x86
		{93337814-49AD-4124-B231-B7CD10C8451F}.ReleaseXBAP|Mixed Platforms.ActiveCfg = Release|x86
		{93337814-49AD-4124-B231-B7CD10C8451F}.ReleaseXBAP|Mixed Platforms.Build.0 = Release|x86
		{93337814-49AD-4124-B231-B7CD10C8451F}.ReleaseXBAP|x64.ActiveCfg = Release|x86
		{93337814-49AD-4124-B231-B7CD10C8451F}.ReleaseXBAP|x86.ActiveCfg = Release|x86
		{93337814-49AD-4124-B231-B7CD10C8451F}.ReleaseXBAP|x86.Build.0 = Release|x86
		{93337814-49AD-4124-B231-B7CD10C8451F}.Debug|Any CPU.Build.0 = Debug|x86
		{5F603892-DE40-4246-A969-1C6717AFE35D}.Debug|Any CPU.ActiveCfg = Debug|Any CPU
		{5F603892-DE40-4246-A969-1C6717AFE35D}.Debug|Any CPU.Build.0 = Debug|Any CPU
		{5F603892-DE40-4246-A969-1C6717AFE35D}.Debug|Mixed Platforms.ActiveCfg = Debug|Any CPU
		{5F603892-DE40-4246-A969-1C6717AFE35D}.Debug|Mixed Platforms.Build.0 = Debug|Any CPU
		{5F603892-DE40-4246-A969-1C6717AFE35D}.Debug|x64.ActiveCfg = Debug|Any CPU
		{5F603892-DE40-4246-A969-1C6717AFE35D}.Debug|x86.ActiveCfg = Debug|Any CPU
		{5F603892-DE40-4246-A969-1C6717AFE35D}.Release|Any CPU.ActiveCfg = Release|Any CPU
		{5F603892-DE40-4246-A969-1C6717AFE35D}.Release|Any CPU.Build.0 = Release|Any CPU
		{5F603892-DE40-4246-A969-1C6717AFE35D}.Release|Mixed Platforms.ActiveCfg = Release|Any CPU
		{5F603892-DE40-4246-A969-1C6717AFE35D}.Release|Mixed Platforms.Build.0 = Release|Any CPU
		{5F603892-DE40-4246-A969-1C6717AFE35D}.Release|x64.ActiveCfg = Release|Any CPU
		{5F603892-DE40-4246-A969-1C6717AFE35D}.Release|x86.ActiveCfg = Release|Any CPU
		{5F603892-DE40-4246-A969-1C6717AFE35D}.ReleaseXBAP|Any CPU.ActiveCfg = Release|Any CPU
		{5F603892-DE40-4246-A969-1C6717AFE35D}.ReleaseXBAP|Any CPU.Build.0 = Release|Any CPU
		{5F603892-DE40-4246-A969-1C6717AFE35D}.ReleaseXBAP|Mixed Platforms.ActiveCfg = Release|Any CPU
		{5F603892-DE40-4246-A969-1C6717AFE35D}.ReleaseXBAP|Mixed Platforms.Build.0 = Release|Any CPU
		{5F603892-DE40-4246-A969-1C6717AFE35D}.ReleaseXBAP|x64.ActiveCfg = Release|Any CPU
		{5F603892-DE40-4246-A969-1C6717AFE35D}.ReleaseXBAP|x86.ActiveCfg = Release|Any CPU
		{51257024-A2D4-45AE-910C-47D379F6C618}.Debug|Any CPU.ActiveCfg = Debug|x86
		{51257024-A2D4-45AE-910C-47D379F6C618}.Debug|Mixed Platforms.ActiveCfg = Debug|x86
		{51257024-A2D4-45AE-910C-47D379F6C618}.Debug|Mixed Platforms.Build.0 = Debug|x86
		{51257024-A2D4-45AE-910C-47D379F6C618}.Debug|x64.ActiveCfg = Debug|x86
		{51257024-A2D4-45AE-910C-47D379F6C618}.Debug|x86.ActiveCfg = Debug|x86
		{51257024-A2D4-45AE-910C-47D379F6C618}.Debug|x86.Build.0 = Debug|x86
		{51257024-A2D4-45AE-910C-47D379F6C618}.Release|Any CPU.ActiveCfg = Release|x86
		{51257024-A2D4-45AE-910C-47D379F6C618}.Release|Mixed Platforms.ActiveCfg = Release|x86
		{51257024-A2D4-45AE-910C-47D379F6C618}.Release|Mixed Platforms.Build.0 = Release|x86
		{51257024-A2D4-45AE-910C-47D379F6C618}.Release|x64.ActiveCfg = Release|x86
		{51257024-A2D4-45AE-910C-47D379F6C618}.Release|x86.ActiveCfg = Release|x86
		{51257024-A2D4-45AE-910C-47D379F6C618}.Release|x86.Build.0 = Release|x86
		{51257024-A2D4-45AE-910C-47D379F6C618}.ReleaseXBAP|Any CPU.ActiveCfg = Release|x86
		{51257024-A2D4-45AE-910C-47D379F6C618}.ReleaseXBAP|Mixed Platforms.ActiveCfg = Release|x86
		{51257024-A2D4-45AE-910C-47D379F6C618}.ReleaseXBAP|Mixed Platforms.Build.0 = Release|x86
		{51257024-A2D4-45AE-910C-47D379F6C618}.ReleaseXBAP|x64.ActiveCfg = Release|x86
		{51257024-A2D4-45AE-910C-47D379F6C618}.ReleaseXBAP|x86.ActiveCfg = Release|x86
		{51257024-A2D4-45AE-910C-47D379F6C618}.ReleaseXBAP|x86.Build.0 = Release|x86
		{51257024-A2D4-45AE-910C-47D379F6C618}.Debug|Any CPU.Build.0 = Debug|x86
		{BEBED159-4DB6-4550-8342-7F3607177B71}.Debug|Any CPU.ActiveCfg = Debug|Any CPU
		{BEBED159-4DB6-4550-8342-7F3607177B71}.Debug|Any CPU.Build.0 = Debug|Any CPU
		{BEBED159-4DB6-4550-8342-7F3607177B71}.Debug|Mixed Platforms.ActiveCfg = Debug|Any CPU
		{BEBED159-4DB6-4550-8342-7F3607177B71}.Debug|Mixed Platforms.Build.0 = Debug|Any CPU
		{BEBED159-4DB6-4550-8342-7F3607177B71}.Debug|x64.ActiveCfg = Debug|Any CPU
		{BEBED159-4DB6-4550-8342-7F3607177B71}.Debug|x86.ActiveCfg = Debug|Any CPU
		{BEBED159-4DB6-4550-8342-7F3607177B71}.Release|Any CPU.ActiveCfg = Release|Any CPU
		{BEBED159-4DB6-4550-8342-7F3607177B71}.Release|Any CPU.Build.0 = Release|Any CPU
		{BEBED159-4DB6-4550-8342-7F3607177B71}.Release|Mixed Platforms.ActiveCfg = Release|Any CPU
		{BEBED159-4DB6-4550-8342-7F3607177B71}.Release|Mixed Platforms.Build.0 = Release|Any CPU
		{BEBED159-4DB6-4550-8342-7F3607177B71}.Release|x64.ActiveCfg = Release|Any CPU
		{BEBED159-4DB6-4550-8342-7F3607177B71}.Release|x86.ActiveCfg = Release|Any CPU
		{BEBED159-4DB6-4550-8342-7F3607177B71}.ReleaseXBAP|Any CPU.ActiveCfg = Release|Any CPU
		{BEBED159-4DB6-4550-8342-7F3607177B71}.ReleaseXBAP|Any CPU.Build.0 = Release|Any CPU
		{BEBED159-4DB6-4550-8342-7F3607177B71}.ReleaseXBAP|Mixed Platforms.ActiveCfg = Release|Any CPU
		{BEBED159-4DB6-4550-8342-7F3607177B71}.ReleaseXBAP|Mixed Platforms.Build.0 = Release|Any CPU
		{BEBED159-4DB6-4550-8342-7F3607177B71}.ReleaseXBAP|x64.ActiveCfg = Release|Any CPU
		{BEBED159-4DB6-4550-8342-7F3607177B71}.ReleaseXBAP|x86.ActiveCfg = Release|Any CPU
		{20BAFF84-5426-49A4-A385-8A2E98EEBC86}.Debug|Any CPU.ActiveCfg = Debug|x86
		{20BAFF84-5426-49A4-A385-8A2E98EEBC86}.Debug|Mixed Platforms.ActiveCfg = Debug|x86
		{20BAFF84-5426-49A4-A385-8A2E98EEBC86}.Debug|Mixed Platforms.Build.0 = Debug|x86
		{20BAFF84-5426-49A4-A385-8A2E98EEBC86}.Debug|x64.ActiveCfg = Debug|x86
		{20BAFF84-5426-49A4-A385-8A2E98EEBC86}.Debug|x86.ActiveCfg = Debug|x86
		{20BAFF84-5426-49A4-A385-8A2E98EEBC86}.Debug|x86.Build.0 = Debug|x86
		{20BAFF84-5426-49A4-A385-8A2E98EEBC86}.Release|Any CPU.ActiveCfg = Release|x86
		{20BAFF84-5426-49A4-A385-8A2E98EEBC86}.Release|Mixed Platforms.ActiveCfg = Release|x86
		{20BAFF84-5426-49A4-A385-8A2E98EEBC86}.Release|Mixed Platforms.Build.0 = Release|x86
		{20BAFF84-5426-49A4-A385-8A2E98EEBC86}.Release|x64.ActiveCfg = Release|x86
		{20BAFF84-5426-49A4-A385-8A2E98EEBC86}.Release|x86.ActiveCfg = Release|x86
		{20BAFF84-5426-49A4-A385-8A2E98EEBC86}.Release|x86.Build.0 = Release|x86
		{20BAFF84-5426-49A4-A385-8A2E98EEBC86}.ReleaseXBAP|Any CPU.ActiveCfg = Release|x86
		{20BAFF84-5426-49A4-A385-8A2E98EEBC86}.ReleaseXBAP|Mixed Platforms.ActiveCfg = Release|x86
		{20BAFF84-5426-49A4-A385-8A2E98EEBC86}.ReleaseXBAP|Mixed Platforms.Build.0 = Release|x86
		{20BAFF84-5426-49A4-A385-8A2E98EEBC86}.ReleaseXBAP|x64.ActiveCfg = Release|x86
		{20BAFF84-5426-49A4-A385-8A2E98EEBC86}.ReleaseXBAP|x86.ActiveCfg = Release|x86
		{20BAFF84-5426-49A4-A385-8A2E98EEBC86}.ReleaseXBAP|x86.Build.0 = Release|x86
		{20BAFF84-5426-49A4-A385-8A2E98EEBC86}.Debug|Any CPU.Build.0 = Debug|x86
		{20589741-4E2E-4A27-9E6C-4F1822DE26F4}.Debug|Any CPU.ActiveCfg = Debug|x86
		{20589741-4E2E-4A27-9E6C-4F1822DE26F4}.Debug|Mixed Platforms.ActiveCfg = Debug|x86
		{20589741-4E2E-4A27-9E6C-4F1822DE26F4}.Debug|Mixed Platforms.Build.0 = Debug|x86
		{20589741-4E2E-4A27-9E6C-4F1822DE26F4}.Debug|x64.ActiveCfg = Debug|x86
		{20589741-4E2E-4A27-9E6C-4F1822DE26F4}.Debug|x86.ActiveCfg = Debug|x86
		{20589741-4E2E-4A27-9E6C-4F1822DE26F4}.Debug|x86.Build.0 = Debug|x86
		{20589741-4E2E-4A27-9E6C-4F1822DE26F4}.Release|Any CPU.ActiveCfg = Release|x86
		{20589741-4E2E-4A27-9E6C-4F1822DE26F4}.Release|Mixed Platforms.ActiveCfg = Release|x86
		{20589741-4E2E-4A27-9E6C-4F1822DE26F4}.Release|Mixed Platforms.Build.0 = Release|x86
		{20589741-4E2E-4A27-9E6C-4F1822DE26F4}.Release|x64.ActiveCfg = Release|x86
		{20589741-4E2E-4A27-9E6C-4F1822DE26F4}.Release|x86.ActiveCfg = Release|x86
		{20589741-4E2E-4A27-9E6C-4F1822DE26F4}.Release|x86.Build.0 = Release|x86
		{20589741-4E2E-4A27-9E6C-4F1822DE26F4}.ReleaseXBAP|Any CPU.ActiveCfg = Release|x86
		{20589741-4E2E-4A27-9E6C-4F1822DE26F4}.ReleaseXBAP|Mixed Platforms.ActiveCfg = Release|x86
		{20589741-4E2E-4A27-9E6C-4F1822DE26F4}.ReleaseXBAP|Mixed Platforms.Build.0 = Release|x86
		{20589741-4E2E-4A27-9E6C-4F1822DE26F4}.ReleaseXBAP|x64.ActiveCfg = Release|x86
		{20589741-4E2E-4A27-9E6C-4F1822DE26F4}.ReleaseXBAP|x86.ActiveCfg = Release|x86
		{20589741-4E2E-4A27-9E6C-4F1822DE26F4}.ReleaseXBAP|x86.Build.0 = Release|x86
		{20589741-4E2E-4A27-9E6C-4F1822DE26F4}.Debug|Any CPU.Build.0 = Debug|x86
		{1EA9CE32-6F46-4C48-AA53-63D115CF5D25}.Debug|Any CPU.ActiveCfg = Debug|x86
		{1EA9CE32-6F46-4C48-AA53-63D115CF5D25}.Debug|Mixed Platforms.ActiveCfg = Debug|x86
		{1EA9CE32-6F46-4C48-AA53-63D115CF5D25}.Debug|Mixed Platforms.Build.0 = Debug|x86
		{1EA9CE32-6F46-4C48-AA53-63D115CF5D25}.Debug|x64.ActiveCfg = Debug|x86
		{1EA9CE32-6F46-4C48-AA53-63D115CF5D25}.Debug|x86.ActiveCfg = Debug|x86
		{1EA9CE32-6F46-4C48-AA53-63D115CF5D25}.Debug|x86.Build.0 = Debug|x86
		{1EA9CE32-6F46-4C48-AA53-63D115CF5D25}.Release|Any CPU.ActiveCfg = Release|x86
		{1EA9CE32-6F46-4C48-AA53-63D115CF5D25}.Release|Mixed Platforms.ActiveCfg = Release|x86
		{1EA9CE32-6F46-4C48-AA53-63D115CF5D25}.Release|Mixed Platforms.Build.0 = Release|x86
		{1EA9CE32-6F46-4C48-AA53-63D115CF5D25}.Release|x64.ActiveCfg = Release|x86
		{1EA9CE32-6F46-4C48-AA53-63D115CF5D25}.Release|x86.ActiveCfg = Release|x86
		{1EA9CE32-6F46-4C48-AA53-63D115CF5D25}.Release|x86.Build.0 = Release|x86
		{1EA9CE32-6F46-4C48-AA53-63D115CF5D25}.ReleaseXBAP|Any CPU.ActiveCfg = Release|x86
		{1EA9CE32-6F46-4C48-AA53-63D115CF5D25}.ReleaseXBAP|Mixed Platforms.ActiveCfg = Release|x86
		{1EA9CE32-6F46-4C48-AA53-63D115CF5D25}.ReleaseXBAP|Mixed Platforms.Build.0 = Release|x86
		{1EA9CE32-6F46-4C48-AA53-63D115CF5D25}.ReleaseXBAP|x64.ActiveCfg = Release|x86
		{1EA9CE32-6F46-4C48-AA53-63D115CF5D25}.ReleaseXBAP|x86.ActiveCfg = Release|x86
		{1EA9CE32-6F46-4C48-AA53-63D115CF5D25}.ReleaseXBAP|x86.Build.0 = Release|x86
		{1EA9CE32-6F46-4C48-AA53-63D115CF5D25}.Debug|Any CPU.Build.0 = Debug|x86
		{5A690D7F-99D6-450F-A251-E0D59BF6D67E}.Debug|Any CPU.ActiveCfg = Debug|x86
		{5A690D7F-99D6-450F-A251-E0D59BF6D67E}.Debug|Mixed Platforms.ActiveCfg = Debug|x86
		{5A690D7F-99D6-450F-A251-E0D59BF6D67E}.Debug|Mixed Platforms.Build.0 = Debug|x86
		{5A690D7F-99D6-450F-A251-E0D59BF6D67E}.Debug|x64.ActiveCfg = Debug|x86
		{5A690D7F-99D6-450F-A251-E0D59BF6D67E}.Debug|x86.ActiveCfg = Debug|x86
		{5A690D7F-99D6-450F-A251-E0D59BF6D67E}.Debug|x86.Build.0 = Debug|x86
		{5A690D7F-99D6-450F-A251-E0D59BF6D67E}.Release|Any CPU.ActiveCfg = Release|x86
		{5A690D7F-99D6-450F-A251-E0D59BF6D67E}.Release|Mixed Platforms.ActiveCfg = Release|x86
		{5A690D7F-99D6-450F-A251-E0D59BF6D67E}.Release|Mixed Platforms.Build.0 = Release|x86
		{5A690D7F-99D6-450F-A251-E0D59BF6D67E}.Release|x64.ActiveCfg = Release|x86
		{5A690D7F-99D6-450F-A251-E0D59BF6D67E}.Release|x86.ActiveCfg = Release|x86
		{5A690D7F-99D6-450F-A251-E0D59BF6D67E}.Release|x86.Build.0 = Release|x86
		{5A690D7F-99D6-450F-A251-E0D59BF6D67E}.ReleaseXBAP|Any CPU.ActiveCfg = Release|x86
		{5A690D7F-99D6-450F-A251-E0D59BF6D67E}.ReleaseXBAP|Mixed Platforms.ActiveCfg = Release|x86
		{5A690D7F-99D6-450F-A251-E0D59BF6D67E}.ReleaseXBAP|Mixed Platforms.Build.0 = Release|x86
		{5A690D7F-99D6-450F-A251-E0D59BF6D67E}.ReleaseXBAP|x64.ActiveCfg = Release|x86
		{5A690D7F-99D6-450F-A251-E0D59BF6D67E}.ReleaseXBAP|x86.ActiveCfg = Release|x86
		{5A690D7F-99D6-450F-A251-E0D59BF6D67E}.ReleaseXBAP|x86.Build.0 = Release|x86
		{5A690D7F-99D6-450F-A251-E0D59BF6D67E}.Debug|Any CPU.Build.0 = Debug|x86
		{667D8F84-8420-4DD6-BEC6-2159EFA09311}.Debug|Any CPU.ActiveCfg = Debug|x86
		{667D8F84-8420-4DD6-BEC6-2159EFA09311}.Debug|Mixed Platforms.ActiveCfg = Debug|x86
		{667D8F84-8420-4DD6-BEC6-2159EFA09311}.Debug|Mixed Platforms.Build.0 = Debug|x86
		{667D8F84-8420-4DD6-BEC6-2159EFA09311}.Debug|x64.ActiveCfg = Debug|x86
		{667D8F84-8420-4DD6-BEC6-2159EFA09311}.Debug|x86.ActiveCfg = Debug|x86
		{667D8F84-8420-4DD6-BEC6-2159EFA09311}.Debug|x86.Build.0 = Debug|x86
		{667D8F84-8420-4DD6-BEC6-2159EFA09311}.Release|Any CPU.ActiveCfg = Release|x86
		{667D8F84-8420-4DD6-BEC6-2159EFA09311}.Release|Mixed Platforms.ActiveCfg = Release|x86
		{667D8F84-8420-4DD6-BEC6-2159EFA09311}.Release|Mixed Platforms.Build.0 = Release|x86
		{667D8F84-8420-4DD6-BEC6-2159EFA09311}.Release|x64.ActiveCfg = Release|x86
		{667D8F84-8420-4DD6-BEC6-2159EFA09311}.Release|x86.ActiveCfg = Release|x86
		{667D8F84-8420-4DD6-BEC6-2159EFA09311}.Release|x86.Build.0 = Release|x86
		{667D8F84-8420-4DD6-BEC6-2159EFA09311}.ReleaseXBAP|Any CPU.ActiveCfg = Release|x86
		{667D8F84-8420-4DD6-BEC6-2159EFA09311}.ReleaseXBAP|Mixed Platforms.ActiveCfg = Release|x86
		{667D8F84-8420-4DD6-BEC6-2159EFA09311}.ReleaseXBAP|Mixed Platforms.Build.0 = Release|x86
		{667D8F84-8420-4DD6-BEC6-2159EFA09311}.ReleaseXBAP|x64.ActiveCfg = Release|x86
		{667D8F84-8420-4DD6-BEC6-2159EFA09311}.ReleaseXBAP|x86.ActiveCfg = Release|x86
		{667D8F84-8420-4DD6-BEC6-2159EFA09311}.ReleaseXBAP|x86.Build.0 = Release|x86
		{667D8F84-8420-4DD6-BEC6-2159EFA09311}.Debug|Any CPU.Build.0 = Debug|x86
		{AA77C6B2-7267-41E0-966A-29538E0B261B}.Debug|Any CPU.ActiveCfg = Debug|x86
		{AA77C6B2-7267-41E0-966A-29538E0B261B}.Debug|Mixed Platforms.ActiveCfg = Debug|x86
		{AA77C6B2-7267-41E0-966A-29538E0B261B}.Debug|Mixed Platforms.Build.0 = Debug|x86
		{AA77C6B2-7267-41E0-966A-29538E0B261B}.Debug|x64.ActiveCfg = Debug|x86
		{AA77C6B2-7267-41E0-966A-29538E0B261B}.Debug|x86.ActiveCfg = Debug|x86
		{AA77C6B2-7267-41E0-966A-29538E0B261B}.Debug|x86.Build.0 = Debug|x86
		{AA77C6B2-7267-41E0-966A-29538E0B261B}.Release|Any CPU.ActiveCfg = Release|x86
		{AA77C6B2-7267-41E0-966A-29538E0B261B}.Release|Mixed Platforms.ActiveCfg = Release|x86
		{AA77C6B2-7267-41E0-966A-29538E0B261B}.Release|Mixed Platforms.Build.0 = Release|x86
		{AA77C6B2-7267-41E0-966A-29538E0B261B}.Release|x64.ActiveCfg = Release|x86
		{AA77C6B2-7267-41E0-966A-29538E0B261B}.Release|x86.ActiveCfg = Release|x86
		{AA77C6B2-7267-41E0-966A-29538E0B261B}.Release|x86.Build.0 = Release|x86
		{AA77C6B2-7267-41E0-966A-29538E0B261B}.ReleaseXBAP|Any CPU.ActiveCfg = Release|x86
		{AA77C6B2-7267-41E0-966A-29538E0B261B}.ReleaseXBAP|Mixed Platforms.ActiveCfg = Release|x86
		{AA77C6B2-7267-41E0-966A-29538E0B261B}.ReleaseXBAP|Mixed Platforms.Build.0 = Release|x86
		{AA77C6B2-7267-41E0-966A-29538E0B261B}.ReleaseXBAP|x64.ActiveCfg = Release|x86
		{AA77C6B2-7267-41E0-966A-29538E0B261B}.ReleaseXBAP|x86.ActiveCfg = Release|x86
		{AA77C6B2-7267-41E0-966A-29538E0B261B}.ReleaseXBAP|x86.Build.0 = Release|x86
		{AA77C6B2-7267-41E0-966A-29538E0B261B}.Debug|Any CPU.Build.0 = Debug|x86
		{8AEE9DA5-83F5-401F-8C58-9BAC660A0E6E}.Debug|Any CPU.ActiveCfg = Debug|Any CPU
		{8AEE9DA5-83F5-401F-8C58-9BAC660A0E6E}.Debug|Any CPU.Build.0 = Debug|Any CPU
		{8AEE9DA5-83F5-401F-8C58-9BAC660A0E6E}.Debug|Mixed Platforms.ActiveCfg = Debug|Any CPU
		{8AEE9DA5-83F5-401F-8C58-9BAC660A0E6E}.Debug|Mixed Platforms.Build.0 = Debug|Any CPU
		{8AEE9DA5-83F5-401F-8C58-9BAC660A0E6E}.Debug|x64.ActiveCfg = Debug|Any CPU
		{8AEE9DA5-83F5-401F-8C58-9BAC660A0E6E}.Debug|x64.Build.0 = Debug|Any CPU
		{8AEE9DA5-83F5-401F-8C58-9BAC660A0E6E}.Debug|x86.ActiveCfg = Debug|Any CPU
		{8AEE9DA5-83F5-401F-8C58-9BAC660A0E6E}.Debug|x86.Build.0 = Debug|Any CPU
		{8AEE9DA5-83F5-401F-8C58-9BAC660A0E6E}.Release|Any CPU.ActiveCfg = Release|Any CPU
		{8AEE9DA5-83F5-401F-8C58-9BAC660A0E6E}.Release|Any CPU.Build.0 = Release|Any CPU
		{8AEE9DA5-83F5-401F-8C58-9BAC660A0E6E}.Release|Mixed Platforms.ActiveCfg = Release|Any CPU
		{8AEE9DA5-83F5-401F-8C58-9BAC660A0E6E}.Release|Mixed Platforms.Build.0 = Release|Any CPU
		{8AEE9DA5-83F5-401F-8C58-9BAC660A0E6E}.Release|x64.ActiveCfg = Release|Any CPU
		{8AEE9DA5-83F5-401F-8C58-9BAC660A0E6E}.Release|x64.Build.0 = Release|Any CPU
		{8AEE9DA5-83F5-401F-8C58-9BAC660A0E6E}.Release|x86.ActiveCfg = Release|Any CPU
		{8AEE9DA5-83F5-401F-8C58-9BAC660A0E6E}.Release|x86.Build.0 = Release|Any CPU
		{8AEE9DA5-83F5-401F-8C58-9BAC660A0E6E}.ReleaseXBAP|Any CPU.ActiveCfg = ReleaseXBAP|Any CPU
		{8AEE9DA5-83F5-401F-8C58-9BAC660A0E6E}.ReleaseXBAP|Any CPU.Build.0 = ReleaseXBAP|Any CPU
		{8AEE9DA5-83F5-401F-8C58-9BAC660A0E6E}.ReleaseXBAP|Mixed Platforms.ActiveCfg = ReleaseXBAP|Any CPU
		{8AEE9DA5-83F5-401F-8C58-9BAC660A0E6E}.ReleaseXBAP|Mixed Platforms.Build.0 = ReleaseXBAP|Any CPU
		{8AEE9DA5-83F5-401F-8C58-9BAC660A0E6E}.ReleaseXBAP|x64.ActiveCfg = ReleaseXBAP|Any CPU
		{8AEE9DA5-83F5-401F-8C58-9BAC660A0E6E}.ReleaseXBAP|x64.Build.0 = ReleaseXBAP|Any CPU
		{8AEE9DA5-83F5-401F-8C58-9BAC660A0E6E}.ReleaseXBAP|x86.ActiveCfg = ReleaseXBAP|Any CPU
		{8AEE9DA5-83F5-401F-8C58-9BAC660A0E6E}.ReleaseXBAP|x86.Build.0 = ReleaseXBAP|Any CPU
		{A5EB794C-7C62-4A0C-A441-ACF7D4074C5D}.Debug|Any CPU.ActiveCfg = Debug|Any CPU
		{A5EB794C-7C62-4A0C-A441-ACF7D4074C5D}.Debug|Any CPU.Build.0 = Debug|Any CPU
		{A5EB794C-7C62-4A0C-A441-ACF7D4074C5D}.Debug|Mixed Platforms.ActiveCfg = Debug|Any CPU
		{A5EB794C-7C62-4A0C-A441-ACF7D4074C5D}.Debug|Mixed Platforms.Build.0 = Debug|Any CPU
		{A5EB794C-7C62-4A0C-A441-ACF7D4074C5D}.Debug|x64.ActiveCfg = Debug|Any CPU
		{A5EB794C-7C62-4A0C-A441-ACF7D4074C5D}.Debug|x64.Build.0 = Debug|Any CPU
		{A5EB794C-7C62-4A0C-A441-ACF7D4074C5D}.Debug|x86.ActiveCfg = Debug|Any CPU
		{A5EB794C-7C62-4A0C-A441-ACF7D4074C5D}.Debug|x86.Build.0 = Debug|Any CPU
		{A5EB794C-7C62-4A0C-A441-ACF7D4074C5D}.Release|Any CPU.ActiveCfg = Release|Any CPU
		{A5EB794C-7C62-4A0C-A441-ACF7D4074C5D}.Release|Any CPU.Build.0 = Release|Any CPU
		{A5EB794C-7C62-4A0C-A441-ACF7D4074C5D}.Release|Mixed Platforms.ActiveCfg = Release|Any CPU
		{A5EB794C-7C62-4A0C-A441-ACF7D4074C5D}.Release|Mixed Platforms.Build.0 = Release|Any CPU
		{A5EB794C-7C62-4A0C-A441-ACF7D4074C5D}.Release|x64.ActiveCfg = Release|Any CPU
		{A5EB794C-7C62-4A0C-A441-ACF7D4074C5D}.Release|x64.Build.0 = Release|Any CPU
		{A5EB794C-7C62-4A0C-A441-ACF7D4074C5D}.Release|x86.ActiveCfg = Release|Any CPU
		{A5EB794C-7C62-4A0C-A441-ACF7D4074C5D}.Release|x86.Build.0 = Release|Any CPU
		{A5EB794C-7C62-4A0C-A441-ACF7D4074C5D}.ReleaseXBAP|Any CPU.ActiveCfg = ReleaseXBAP|Any CPU
		{A5EB794C-7C62-4A0C-A441-ACF7D4074C5D}.ReleaseXBAP|Any CPU.Build.0 = ReleaseXBAP|Any CPU
		{A5EB794C-7C62-4A0C-A441-ACF7D4074C5D}.ReleaseXBAP|Mixed Platforms.ActiveCfg = ReleaseXBAP|Any CPU
		{A5EB794C-7C62-4A0C-A441-ACF7D4074C5D}.ReleaseXBAP|Mixed Platforms.Build.0 = ReleaseXBAP|Any CPU
		{A5EB794C-7C62-4A0C-A441-ACF7D4074C5D}.ReleaseXBAP|x64.ActiveCfg = ReleaseXBAP|Any CPU
		{A5EB794C-7C62-4A0C-A441-ACF7D4074C5D}.ReleaseXBAP|x64.Build.0 = ReleaseXBAP|Any CPU
		{A5EB794C-7C62-4A0C-A441-ACF7D4074C5D}.ReleaseXBAP|x86.ActiveCfg = ReleaseXBAP|Any CPU
		{A5EB794C-7C62-4A0C-A441-ACF7D4074C5D}.ReleaseXBAP|x86.Build.0 = ReleaseXBAP|Any CPU
	EndGlobalSection
	GlobalSection(SolutionProperties) = preSolution
		HideSolutionNode = FALSE
	EndGlobalSection
	GlobalSection(NestedProjects) = preSolution
		{5B37453D-5AE8-4BD2-92FE-0A3AD9B18848} = {D38ED498-E823-48BD-A491-D3720446865F}
		{EA2C1BAD-34E3-4EEB-80AF-CBE49BCBA48B} = {D38ED498-E823-48BD-A491-D3720446865F}
		{5F603892-DE40-4246-A969-1C6717AFE35D} = {D38ED498-E823-48BD-A491-D3720446865F}
		{BEBED159-4DB6-4550-8342-7F3607177B71} = {D38ED498-E823-48BD-A491-D3720446865F}
		{ECD37682-DF7E-409F-912D-0965634556B5} = {D38ED498-E823-48BD-A491-D3720446865F}
		{998659AB-576D-494A-A7A1-F68D3160E5C7} = {DB1FA79D-D100-462A-A78A-33A2BC88FC71}
		{93337814-49AD-4124-B231-B7CD10C8451F} = {DB1FA79D-D100-462A-A78A-33A2BC88FC71}
		{51257024-A2D4-45AE-910C-47D379F6C618} = {DB1FA79D-D100-462A-A78A-33A2BC88FC71}
		{20BAFF84-5426-49A4-A385-8A2E98EEBC86} = {DB1FA79D-D100-462A-A78A-33A2BC88FC71}
		{20589741-4E2E-4A27-9E6C-4F1822DE26F4} = {DB1FA79D-D100-462A-A78A-33A2BC88FC71}
		{99206926-ACD1-4399-AF1B-36E67A7299CF} = {DB1FA79D-D100-462A-A78A-33A2BC88FC71}
		{1EA9CE32-6F46-4C48-AA53-63D115CF5D25} = {DB1FA79D-D100-462A-A78A-33A2BC88FC71}
		{5A690D7F-99D6-450F-A251-E0D59BF6D67E} = {DB1FA79D-D100-462A-A78A-33A2BC88FC71}
		{667D8F84-8420-4DD6-BEC6-2159EFA09311} = {DB1FA79D-D100-462A-A78A-33A2BC88FC71}
		{AA77C6B2-7267-41E0-966A-29538E0B261B} = {DB1FA79D-D100-462A-A78A-33A2BC88FC71}
		{8AEE9DA5-83F5-401F-8C58-9BAC660A0E6E} = {D38ED498-E823-48BD-A491-D3720446865F}
		{A5EB794C-7C62-4A0C-A441-ACF7D4074C5D} = {D38ED498-E823-48BD-A491-D3720446865F}
	EndGlobalSection
EndGlobal
